# THIS IS AN AUTOGENERATED FILE. DO NOT EDIT THIS FILE DIRECTLY.
# yarn lockfile v1


date-fns-tz@^1.1.4:
  version "1.1.6"
  resolved "https://registry.yarnpkg.com/date-fns-tz/-/date-fns-tz-1.1.6.tgz#93cbf354e2aeb2cd312ffa32e462c1943cf20a8e"
  integrity sha512-nyy+URfFI3KUY7udEJozcoftju+KduaqkVfwyTIE0traBiVye09QnyWKLZK7drRr5h9B7sPJITmQnS3U6YOdQg==

date-fns@^2.21.1:
  version "2.27.0"
  resolved "https://registry.yarnpkg.com/date-fns/-/date-fns-2.27.0.tgz#e1ff3c3ddbbab8a2eaadbb6106be2929a5a2d92b"
  integrity sha512-sj+J0Mo2p2X1e306MHq282WS4/A8Pz/95GIFcsPNMPMZVI3EUrAdSv90al1k+p74WGLCruMXk23bfEDZa71X9Q==

dotenv@^9.0.0:
  version "9.0.2"
  resolved "https://registry.yarnpkg.com/dotenv/-/dotenv-9.0.2.tgz#dacc20160935a37dea6364aa1bef819fb9b6ab05"
  integrity sha512-I9OvvrHp4pIARv4+x9iuewrWycX6CcZtoAu1XrzPxc5UygMJXJZYmBsynku8IkrJwgypE5DGNjDPmPRhDCptUg==

fs-extra@^10.0.0:
  version "10.0.0"
  resolved "https://registry.yarnpkg.com/fs-extra/-/fs-extra-10.0.0.tgz#9ff61b655dde53fb34a82df84bb214ce802e17c1"
  integrity sha512-C5owb14u9eJwizKGdchcDUQeFtlSHHthBk8pbX9Vc1PFZrLombudjDnNns88aYslCyF6IY5SUw3Roz6xShcEIQ==
  dependencies:
    graceful-fs "^4.2.0"
    jsonfile "^6.0.1"
    universalify "^2.0.0"

graceful-fs@^4.1.6, graceful-fs@^4.2.0:
  version "4.2.8"
  resolved "https://registry.yarnpkg.com/graceful-fs/-/graceful-fs-4.2.8.tgz#e412b8d33f5e006593cbd3cee6df9f2cebbe802a"
  integrity sha512-qkIilPUYcNhJpd33n0GBXTB1MMPp14TxEsEs0pTrsSVucApsYzW5V+Q8Qxhik6KU3evy+qkAAowTByymK0avdg==

jsonfile@^6.0.1:
  version "6.1.0"
  resolved "https://registry.yarnpkg.com/jsonfile/-/jsonfile-6.1.0.tgz#bc55b2634793c679ec6403094eb13698a6ec0aae"
  integrity sha512-5dgndWOriYSm5cnYaJNhalLNDKOqFwyDB/rr1E9ZsGciGvKPs8R2xYGCacuf3z6K1YKDz182fd+fY3cn3pMqXQ==
  dependencies:
    universalify "^2.0.0"
  optionalDependencies:
    graceful-fs "^4.1.6"

line-buffer@^0.1.4:
  version "0.1.4"
  resolved "https://registry.yarnpkg.com/line-buffer/-/line-buffer-0.1.4.tgz#e07de183310b60122fde4b335cf6606543ffb1d3"
  integrity sha1-4H3hgzELYBIv3kszXPZgZUP/sdM=

promised-timeout@0.5.1:
  version "0.5.1"
  resolved "https://registry.yarnpkg.com/promised-timeout/-/promised-timeout-0.5.1.tgz#56bd98eb8c59e594dae85551bc54451cd4584c23"
  integrity sha1-Vr2Y64xZ5ZTa6FVRvFRFHNRYTCM=

promised-timeout@^0.2.0:
  version "0.2.0"
  resolved "https://registry.yarnpkg.com/promised-timeout/-/promised-timeout-0.2.0.tgz#45eafcf5ed9457e2e60efa77c2c860d6ef1d816e"
  integrity sha1-Rer89e2UV+LmDvp3wshg1u8dgW4=

smtp-channel@0.2.3:
  version "0.2.3"
  resolved "https://registry.yarnpkg.com/smtp-channel/-/smtp-channel-0.2.3.tgz#db660868ad3b5296775ec8078c38aa634c4dcda6"
  integrity sha512-5PR7qW88Z6GcLfvgop6WpUMwNoJKKQY9CP8Gpk5INbSs3UtWqMgFYkTTMaynnbj+6e4D/L0JuagbuH3fjm4+Fw==
  dependencies:
    line-buffer "^0.1.4"
    promised-timeout "^0.2.0"

smtp-client@^0.4.0:
  version "0.4.0"
  resolved "https://registry.yarnpkg.com/smtp-client/-/smtp-client-0.4.0.tgz#2015da1f4d9821e67bf22ced01568b027d305245"
  integrity sha512-TvxdX02b96hN6732TGkXcXHsaTeXgVMXjdAhYzz/pLGE6V1p/5jh1XYJa/PfE+O21jHLmwHYWVP3c7JNFWwmOg==
  dependencies:
    promised-timeout "0.5.1"
    smtp-channel "0.2.3"

universalify@^2.0.0:
  version "2.0.0"
  resolved "https://registry.yarnpkg.com/universalify/-/universalify-2.0.0.tgz#75a4984efedc4b08975c5aeb73f530d02df25717"
  integrity sha512-hAZsKq7Yy11Zu1DE0OzWjw7nnLZmJZYTDZZyEFHZdUhV8FkH5MCfoU1XMaxXovpyW5nq5scPqq0ZDP9Zyl04oQ==
